github.com/PluralFusion/freshaf v1.2.1-0.20250122144710-bf87997f5902 h1:Sa+OK1NfHbs0X1Os32qjKdF3v9lIQhA4nJyQEqKjytI=
github.com/PluralFusion/freshaf v1.2.1-0.20250122144710-bf87997f5902/go.mod h1:Rvh7TCVgCury3PvJc9hMGuutNubN+pWm3ChfXd4c5pw=
github.com/PluralFusion/freshaf v1.2.1-0.20250122150700-59a86cf3ca83 h1:gRxhwt+JHgqKemyOg9Ov1jlh0RLpN+IY1E1JpkV3MTA=
github.com/PluralFusion/freshaf v1.2.1-0.20250122150700-59a86cf3ca83/go.mod h1:Rvh7TCVgCury3PvJc9hMGuutNubN+pWm3ChfXd4c5pw=
github.com/PluralFusion/freshaf v1.2.1-0.20250124204924-810ae1ac0ebc h1:pFdEYKOk/M37FmKqJurMN57HgykzGxB3U8B493qVHnk=
github.com/PluralFusion/freshaf v1.2.1-0.20250124204924-810ae1ac0ebc/go.mod h1:Rvh7TCVgCury3PvJc9hMGuutNubN+pWm3ChfXd4c5pw=
github.com/PluralFusion/freshaf v1.2.1-0.20250124205346-fcf64bab9a9a h1:OQkuH2AZ5M2XKGk8iUOiC9uX4S9fHDxy4CQfuYlZHqA=
github.com/PluralFusion/freshaf v1.2.1-0.20250124205346-fcf64bab9a9a/go.mod h1:Rvh7TCVgCury3PvJc9hMGuutNubN+pWm3ChfXd4c5pw=
github.com/PluralFusion/freshaf v1.2.1-0.20250124205531-518c5ebe273d h1:z1AJxjp6ScbYIz5KHxUwbjsu+rEwDL3RjI3FL3fturw=
github.com/PluralFusion/freshaf v1.2.1-0.20250124205531-518c5ebe273d/go.mod h1:Rvh7TCVgCury3PvJc9hMGuutNubN+pWm3ChfXd4c5pw=
github.com/PluralFusion/freshaf v1.2.1-0.20250124205738-8b3f376917f7 h1:7CObU6d62dQarO7vUDRzLazROhBx++DLJbdpB7oSNyg=
github.com/PluralFusion/freshaf v1.2.1-0.20250124205738-8b3f376917f7/go.mod h1:Rvh7TCVgCury3PvJc9hMGuutNubN+pWm3ChfXd4c5pw=
github.com/PluralFusion/freshaf v1.2.1-0.20250125144228-bbf7f273aaed h1:6XyTXylagFMDvakGtbuZx7Ij3npYwKDQGTTywvhUj8k=
github.com/PluralFusion/freshaf v1.2.1-0.20250125144228-bbf7f273aaed/go.mod h1:Rvh7TCVgCury3PvJc9hMGuutNubN+pWm3ChfXd4c5pw=
github.com/PluralFusion/freshaf v1.2.1-0.20250125161419-fbcfde9f9ea1 h1:TFi5dKpGw3xIUTJDX0m7YRz7TPiiD82fgxxzkYMYXME=
github.com/PluralFusion/freshaf v1.2.1-0.20250125161419-fbcfde9f9ea1/go.mod h1:Rvh7TCVgCury3PvJc9hMGuutNubN+pWm3ChfXd4c5pw=
github.com/PluralFusion/freshaf v1.2.1-0.20250125161919-996ff962c014 h1:hiKqgYZkbF76MkbZmsFRTDDy793WSsEqvEGlfLRs6l0=
github.com/PluralFusion/freshaf v1.2.1-0.20250125161919-996ff962c014/go.mod h1:Rvh7TCVgCury3PvJc9hMGuutNubN+pWm3ChfXd4c5pw=
github.com/PluralFusion/freshaf v1.2.1-0.20250125162048-58bd7f0e58cc h1:4KO/a+JuVpTFSZH+q5w8itsyqLgis/S4ZTHo586lfVI=
github.com/PluralFusion/freshaf v1.2.1-0.20250125162048-58bd7f0e58cc/go.mod h1:Rvh7TCVgCury3PvJc9hMGuutNubN+pWm3ChfXd4c5pw=
github.com/PluralFusion/freshaf v1.2.1-0.20250125170827-5ee5e96256b3 h1:Wsvgvla61fWLYnRTzY/YoTQShlPjQjApINt1cqDLzj0=
github.com/PluralFusion/freshaf v1.2.1-0.20250125170827-5ee5e96256b3/go.mod h1:Rvh7TCVgCury3PvJc9hMGuutNubN+pWm3ChfXd4c5pw=
github.com/PluralFusion/freshaf v1.2.1-0.20250125172104-ce2e0a9f7b09 h1:5UGSbgGbF2OAj5GzM7sQRiMDbmKWBNSBy4IN+R2DRYs=
github.com/PluralFusion/freshaf v1.2.1-0.20250125172104-ce2e0a9f7b09/go.mod h1:Rvh7TCVgCury3PvJc9hMGuutNubN+pWm3ChfXd4c5pw=
github.com/PluralFusion/freshaf v1.2.1-0.20250125172204-f575e20778a7 h1:FrY5NVNOffmZOzxJpb5gBOmKLggazZLpeXZusnVZCDI=
github.com/PluralFusion/freshaf v1.2.1-0.20250125172204-f575e20778a7/go.mod h1:Rvh7TCVgCury3PvJc9hMGuutNubN+pWm3ChfXd4c5pw=
github.com/PluralFusion/freshaf v1.2.1-0.20250125173925-93e23913ef44 h1:nYOT0UvmCk+ipaS6OfNyiUlS3D2sKoMQNTiVBcNqdnc=
github.com/PluralFusion/freshaf v1.2.1-0.20250125173925-93e23913ef44/go.mod h1:Rvh7TCVgCury3PvJc9hMGuutNubN+pWm3ChfXd4c5pw=
github.com/PluralFusion/freshaf v1.2.1-0.20250125174215-71743d8dad3b h1:vHDH77ou4HMY0gBOmYDnpvHgHp2tUUM+qp+rt6NMeWc=
github.com/PluralFusion/freshaf v1.2.1-0.20250125174215-71743d8dad3b/go.mod h1:Rvh7TCVgCury3PvJc9hMGuutNubN+pWm3ChfXd4c5pw=
github.com/PluralFusion/freshaf v1.2.1-0.20250125174301-194cc7df4ee9 h1:7JHvGeBuhD3AP6Y6tAgILKx8cY3HhX9fIp3Kd4lL67E=
github.com/PluralFusion/freshaf v1.2.1-0.20250125174301-194cc7df4ee9/go.mod h1:Rvh7TCVgCury3PvJc9hMGuutNubN+pWm3ChfXd4c5pw=
github.com/PluralFusion/freshaf v1.2.1-0.20250130103050-058993f99797 h1:cmGTdSiiZ/KJ2OinFZ+77K2zOW0uOBRNMS+IekV5Qb4=
github.com/PluralFusion/freshaf v1.2.1-0.20250130103050-058993f99797/go.mod h1:Rvh7TCVgCury3PvJc9hMGuutNubN+pWm3ChfXd4c5pw=
github.com/PluralFusion/freshaf v1.2.1-0.20250130103540-6eaaf2865504 h1:yrAhTO24JkVmIE46QBTKjxB04klcmKxPBt3Y6wikFBM=
github.com/PluralFusion/freshaf v1.2.1-0.20250130103540-6eaaf2865504/go.mod h1:Rvh7TCVgCury3PvJc9hMGuutNubN+pWm3ChfXd4c5pw=
github.com/jgthms/bulma v0.0.0-20220508134905-3e00a8e6d0d0/go.mod h1:89FLBKXYFKfOKAoDeUT26V0pHGwzr205cMXAEqtAVOI=
github.com/jgthms/bulma v0.0.0-20250117143207-96a2497155b8 h1:/EvFJy2MH2w2FGan3TSD0olAu8Skac1XSxWNz+n4SwM=
github.com/jgthms/bulma v0.0.0-20250117143207-96a2497155b8/go.mod h1:89FLBKXYFKfOKAoDeUT26V0pHGwzr205cMXAEqtAVOI=
