github.com/PluralFusion/freshaf v1.2.1-0.20250122144710-bf87997f5902 h1:Sa+OK1NfHbs0X1Os32qjKdF3v9lIQhA4nJyQEqKjytI=
github.com/PluralFusion/freshaf v1.2.1-0.20250122144710-bf87997f5902/go.mod h1:Rvh7TCVgCury3PvJc9hMGuutNubN+pWm3ChfXd4c5pw=
github.com/jgthms/bulma v0.0.0-20220508134905-3e00a8e6d0d0/go.mod h1:89FLBKXYFKfOKAoDeUT26V0pHGwzr205cMXAEqtAVOI=
github.com/jgthms/bulma v0.0.0-20250117143207-96a2497155b8 h1:/EvFJy2MH2w2FGan3TSD0olAu8Skac1XSxWNz+n4SwM=
github.com/jgthms/bulma v0.0.0-20250117143207-96a2497155b8/go.mod h1:89FLBKXYFKfOKAoDeUT26V0pHGwzr205cMXAEqtAVOI=
